
Microsoft Visual Studio Solution File, Format Version 12.00
# Visual Studio Version 16
VisualStudioVersion = 16.0.31829.152
MinimumVisualStudioVersion = 10.0.40219.1
Project("{FAE04EC0-301F-11D3-BF4B-00C04F79EFBC}") = "Lab 12 (wpf)", "Lab 12 (wpf)\Lab 12 (wpf).csproj", "{4E722E03-A2F8-4233-B8DC-012005FEF86A}"
EndProject
Global
	GlobalSection(SolutionConfigurationPlatforms) = preSolution
		Debug|Any CPU = Debug|Any CPU
		Release|Any CPU = Release|Any CPU
	EndGlobalSection
	GlobalSection(ProjectConfigurationPlatforms) = postSolution
		{4E722E03-A2F8-4233-B8DC-012005FEF86A}.Debug|Any CPU.ActiveCfg = Debug|Any CPU
		{4E722E03-A2F8-4233-B8DC-012005FEF86A}.Debug|Any CPU.Build.0 = Debug|Any CPU
		{4E722E03-A2F8-4233-B8DC-012005FEF86A}.Release|Any CPU.ActiveCfg = Release|Any CPU
		{4E722E03-A2F8-4233-B8DC-012005FEF86A}.Release|Any CPU.Build.0 = Release|Any CPU
	EndGlobalSection
	GlobalSection(SolutionProperties) = preSolution
		HideSolutionNode = FALSE
	EndGlobalSection
	GlobalSection(ExtensibilityGlobals) = postSolution
		SolutionGuid = {1F5BF61D-AFF3-4419-AAA2-B3A5187DDBF2}
	EndGlobalSection
EndGlobal
